
Microsoft Visual Studio Solution File, Format Version 12.00
# Visual Studio 15
VisualStudioVersion = 15.0.25914.0
MinimumVisualStudioVersion = 10.0.40219.1
Project("{2150E333-8FDC-42A3-9474-1A3956D46DE8}") = "src", "src", "{92DA9793-7815-4F9C-962F-FAF26939C940}"
EndProject
Project("{FAE04EC0-301F-11D3-BF4B-00C04F79EFBC}") = "TestingMVC_Core", "src\TestingMVC_Core\TestingMVC_Core.csproj", "{BC8B8B74-0D05-4BEF-A3FF-3DC182318D24}"
EndProject
Global
	GlobalSection(SolutionConfigurationPlatforms) = preSolution
		Debug|Any CPU = Debug|Any CPU
		Release|Any CPU = Release|Any CPU
	EndGlobalSection
	GlobalSection(ProjectConfigurationPlatforms) = postSolution
		{BC8B8B74-0D05-4BEF-A3FF-3DC182318D24}.Debug|Any CPU.ActiveCfg = Debug|Any CPU
		{BC8B8B74-0D05-4BEF-A3FF-3DC182318D24}.Debug|Any CPU.Build.0 = Debug|Any CPU
		{BC8B8B74-0D05-4BEF-A3FF-3DC182318D24}.Release|Any CPU.ActiveCfg = Release|Any CPU
		{BC8B8B74-0D05-4BEF-A3FF-3DC182318D24}.Release|Any CPU.Build.0 = Release|Any CPU
	EndGlobalSection
	GlobalSection(SolutionProperties) = preSolution
		HideSolutionNode = FALSE
	EndGlobalSection
	GlobalSection(NestedProjects) = preSolution
		{BC8B8B74-0D05-4BEF-A3FF-3DC182318D24} = {92DA9793-7815-4F9C-962F-FAF26939C940}
	EndGlobalSection
EndGlobal
